
Microsoft Visual Studio Solution File, Format Version 12.00
# Visual Studio Version 16
VisualStudioVersion = 16.0.31205.134
MinimumVisualStudioVersion = 10.0.40219.1
Project("{FAE04EC0-301F-11D3-BF4B-00C04F79EFBC}") = "PhamHuuDuy_13", "PhamHuuDuy_13\PhamHuuDuy_13.csproj", "{39F84540-6780-4206-86A4-D08DEE469B7E}"
EndProject
Global
	GlobalSection(SolutionConfigurationPlatforms) = preSolution
		Debug|Any CPU = Debug|Any CPU
		Release|Any CPU = Release|Any CPU
	EndGlobalSection
	GlobalSection(ProjectConfigurationPlatforms) = postSolution
		{39F84540-6780-4206-86A4-D08DEE469B7E}.Debug|Any CPU.ActiveCfg = Debug|Any CPU
		{39F84540-6780-4206-86A4-D08DEE469B7E}.Debug|Any CPU.Build.0 = Debug|Any CPU
		{39F84540-6780-4206-86A4-D08DEE469B7E}.Release|Any CPU.ActiveCfg = Release|Any CPU
		{39F84540-6780-4206-86A4-D08DEE469B7E}.Release|Any CPU.Build.0 = Release|Any CPU
	EndGlobalSection
	GlobalSection(SolutionProperties) = preSolution
		HideSolutionNode = FALSE
	EndGlobalSection
	GlobalSection(ExtensibilityGlobals) = postSolution
		SolutionGuid = {E009D655-0934-4BD9-BC2F-2E551D4658FF}
	EndGlobalSection
EndGlobal
